
Microsoft Visual Studio Solution File, Format Version 12.00
# Visual Studio 15
VisualStudioVersion = 15.0.28307.271
MinimumVisualStudioVersion = 10.0.40219.1
Project("{FAE04EC0-301F-11D3-BF4B-00C04F79EFBC}") = "Calculator", "Calculator\Calculator.csproj", "{BC15A2A4-42FF-4677-BF67-5841329A842B}"
EndProject
Project("{FAE04EC0-301F-11D3-BF4B-00C04F79EFBC}") = "caltest", "calculatortest\caltest.csproj", "{0D4FE867-B019-4140-B528-41BAF700FDB9}"
EndProject
Global
	GlobalSection(SolutionConfigurationPlatforms) = preSolution
		Debug|Any CPU = Debug|Any CPU
		Release|Any CPU = Release|Any CPU
	EndGlobalSection
	GlobalSection(ProjectConfigurationPlatforms) = postSolution
		{BC15A2A4-42FF-4677-BF67-5841329A842B}.Debug|Any CPU.ActiveCfg = Debug|Any CPU
		{BC15A2A4-42FF-4677-BF67-5841329A842B}.Debug|Any CPU.Build.0 = Debug|Any CPU
		{BC15A2A4-42FF-4677-BF67-5841329A842B}.Release|Any CPU.ActiveCfg = Release|Any CPU
		{BC15A2A4-42FF-4677-BF67-5841329A842B}.Release|Any CPU.Build.0 = Release|Any CPU
		{0D4FE867-B019-4140-B528-41BAF700FDB9}.Debug|Any CPU.ActiveCfg = Debug|Any CPU
		{0D4FE867-B019-4140-B528-41BAF700FDB9}.Debug|Any CPU.Build.0 = Debug|Any CPU
		{0D4FE867-B019-4140-B528-41BAF700FDB9}.Release|Any CPU.ActiveCfg = Release|Any CPU
		{0D4FE867-B019-4140-B528-41BAF700FDB9}.Release|Any CPU.Build.0 = Release|Any CPU
	EndGlobalSection
	GlobalSection(SolutionProperties) = preSolution
		HideSolutionNode = FALSE
	EndGlobalSection
	GlobalSection(ExtensibilityGlobals) = postSolution
		SolutionGuid = {CD40AB72-2590-446E-A781-4BBEEC47693F}
	EndGlobalSection
EndGlobal
